{
  "version": 4,
  "terraform_version": "1.11.4",
  "serial": 14,
  "lineage": "9797cab2-3115-df23-f0b4-3629db0209a4",
  "outputs": {},
  "resources": [
    {
      "mode": "managed",
      "type": "azurerm_linux_virtual_machine",
      "name": "web_vm",
      "provider": "provider[\"registry.terraform.io/hashicorp/azurerm\"]",
      "instances": [
        {
          "schema_version": 0,
          "attributes": {
            "additional_capabilities": [],
            "admin_password": null,
            "admin_ssh_key": [
              {
                "public_key": "ssh-rsa AAAAB3NzaC1yc2EAAAADAQABAAACAQCcLpShUhhUUKsx0AjlPo9LeoahBiPt3iP9b5ovCOef6b9+vyfWX0SFXV6ba7dtCfKv1aZLQhf7+7EjDGckfoNrWFpjOoY5qwoeslTYZAT963O6+V44l7Kpk8wQ3R1retfWbbGG0pfZtx/H6QwW5zMoxtsPQ5rThd2au0s7lNlMCjqd67hS3ySkRxawLGdYP1L3/kY26m/oreJ/5AW1xm/vHi/PE2ZZ55En+ZP9dc4OhrJ3ymj5z4YUmcVwk9G+0oziQjycIKsoyelacvnPOTIHB1yOsZxd4eQJDz1XkPsAgeceE4Ol4flk7n7mPxhZdIyyJxKjvM7bJAykuEz866tda5E6fDrcsBOrCQ2KhQBndxRn/1L4OqCjR3szjGjQ8atbBF1zO2t0bldMW+XpNfXzSIjIWYUEA78i3KR9Ql3JFCRipBgt3VWKNfgdtbpy/Dr3bSreBW/LLAMOjICyY65bX8U16jLayB+I5Xzgb23TSEpis2Pqr0rmyQOKAQYM7EzuDSYQpoJOtpKb+DEJcBUR9YjY6y78KKGY6fGd0UUI9JAF/BT6w1GZacvwB9EdwFL3wmpbKOUipzsS3Kj24xo9dYmBkkV0eVt2Z6oRQeAXGw9xyvUiL2X6BpcG8S0+MExz259u4xBS/Q/az1Em4bMbUZOm05vtS7AwJxzqDxVzbQ== eynasmohammedalnahary@gmail.com\n",
                "username": "azureuser"
              }
            ],
            "admin_username": "azureuser",
            "allow_extension_operations": true,
            "availability_set_id": "",
            "boot_diagnostics": [],
            "bypass_platform_safety_checks_on_user_schedule_enabled": false,
            "capacity_reservation_group_id": "",
            "computer_name": "dev-web-vm-23s",
            "custom_data": "IyEvYmluL2Jhc2gKCnN1ZG8gYXB0IHVwZGF0ZQpzdWRvIGFwdCBpbnN0YWxsIC15IGdudXBnMiB3Z2V0CgpzdWRvIC11IGF6dXJldXNlciBta2RpciAtcCAvaG9tZS9henVyZXVzZXIvbWluaWNvbmRhMwpzdWRvIC11IGF6dXJldXNlciB3Z2V0IGh0dHBzOi8vcmVwby5hbmFjb25kYS5jb20vbWluaWNvbmRhL01pbmljb25kYTMtbGF0ZXN0LUxpbnV4LXg4Nl82NC5zaCAtTyAvaG9tZS9henVyZXVzZXIvbWluaWNvbmRhMy9taW5pY29uZGEuc2gKc3VkbyAtdSBhenVyZXVzZXIgYmFzaCAvaG9tZS9henVyZXVzZXIvbWluaWNvbmRhMy9taW5pY29uZGEuc2ggLWIgLXUgLXAgL2hvbWUvYXp1cmV1c2VyL21pbmljb25kYTMKc3VkbyAtdSBhenVyZXVzZXIgcm0gL2hvbWUvYXp1cmV1c2VyL21pbmljb25kYTMvbWluaWNvbmRhLnNoCgplY2hvICdleHBvcnQgUEFUSD0iL2hvbWUvYXp1cmV1c2VyL21pbmljb25kYTMvYmluOiRQQVRIIicgfCBzdWRvIC11IGF6dXJldXNlciB0ZWUgLWEgL2hvbWUvYXp1cmV1c2VyLy5iYXNocmMKCgpzdWRvIHNoIC1jICdlY2hvICJkZWIgaHR0cDovL2FwdC5wb3N0Z3Jlc3FsLm9yZy9wdWIvcmVwb3MvYXB0ICQobHNiX3JlbGVhc2UgLWNzKS1wZ2RnIG1haW4iID4gL2V0Yy9hcHQvc291cmNlcy5saXN0LmQvcGdkZy5saXN0JwpjdXJsIC1mc1NMIGh0dHBzOi8vd3d3LnBvc3RncmVzcWwub3JnL21lZGlhL2tleXMvQUNDQzRDRjguYXNjIHwgc3VkbyBncGcgLS1kZWFybW9yIC1vIC9ldGMvYXB0L3RydXN0ZWQuZ3BnLmQvcG9zdGdyZXNxbC5ncGcKc3VkbyBhcHQgdXBkYXRlCnN1ZG8gYXB0IGluc3RhbGwgLXkgcG9zdGdyZXNxbC0xNiBwb3N0Z3Jlc3FsLWNvbnRyaWItMTYgcG9zdGdyZXNxbC1jbGllbnQtMTYKc3VkbyBhcHQgaW5zdGFsbCBwb3N0Z3Jlc3FsLWNsaWVudC0xNwoKc3VkbyBzeXN0ZW1jdGwgc3RhcnQgcG9zdGdyZXNxbApzdWRvIHN5c3RlbWN0bCBlbmFibGUgcG9zdGdyZXNxbA==",
            "dedicated_host_group_id": "",
            "dedicated_host_id": "",
            "disable_password_authentication": true,
            "disk_controller_type": "SCSI",
            "edge_zone": "",
            "encryption_at_host_enabled": false,
            "eviction_policy": "",
            "extensions_time_budget": "PT1H30M",
            "gallery_application": [],
            "id": "/subscriptions/1a93c609-1e7c-4f6f-9399-c54924c1d80e/resourceGroups/dev-terraform-vm-23s/providers/Microsoft.Compute/virtualMachines/dev-web-vm-23s",
            "identity": [],
            "license_type": "",
            "location": "canadacentral",
            "max_bid_price": -1,
            "name": "dev-web-vm-23s",
            "network_interface_ids": [
              "/subscriptions/1a93c609-1e7c-4f6f-9399-c54924c1d80e/resourceGroups/dev-terraform-vm-23s/providers/Microsoft.Network/networkInterfaces/dev-web-vm-nic-23s"
            ],
            "os_disk": [
              {
                "caching": "ReadWrite",
                "diff_disk_settings": [],
                "disk_encryption_set_id": "",
                "disk_size_gb": 30,
                "id": "/subscriptions/1a93c609-1e7c-4f6f-9399-c54924c1d80e/resourceGroups/dev-terraform-vm-23s/providers/Microsoft.Compute/disks/dev-web-vm-23s_OsDisk_1_ccd9098f65724f679b849e20983c6a1b",
                "name": "dev-web-vm-23s_OsDisk_1_ccd9098f65724f679b849e20983c6a1b",
                "secure_vm_disk_encryption_set_id": "",
                "security_encryption_type": "",
                "storage_account_type": "Premium_LRS",
                "write_accelerator_enabled": false
              }
            ],
            "os_image_notification": [],
            "patch_assessment_mode": "ImageDefault",
            "patch_mode": "ImageDefault",
            "plan": [],
            "platform_fault_domain": -1,
            "priority": "Regular",
            "private_ip_address": "10.1.1.4",
            "private_ip_addresses": [
              "10.1.1.4"
            ],
            "provision_vm_agent": true,
            "proximity_placement_group_id": "",
            "public_ip_address": "4.206.105.30",
            "public_ip_addresses": [
              "4.206.105.30"
            ],
            "reboot_setting": "",
            "resource_group_name": "dev-terraform-vm-23s",
            "secret": [],
            "secure_boot_enabled": false,
            "size": "Standard_B2ms",
            "source_image_id": "",
            "source_image_reference": [
              {
                "offer": "ubuntu-24_04-lts",
                "publisher": "canonical",
                "sku": "server",
                "version": "latest"
              }
            ],
            "tags": null,
            "termination_notification": null,
            "timeouts": null,
            "user_data": "",
            "virtual_machine_id": "6ca5aa2f-e935-4490-a5e2-5f751a218641",
            "virtual_machine_scale_set_id": "",
            "vm_agent_platform_updates_enabled": false,
            "vtpm_enabled": false,
            "zone": ""
          },
          "sensitive_attributes": [
            [
              {
                "type": "get_attr",
                "value": "custom_data"
              }
            ],
            [
              {
                "type": "get_attr",
                "value": "admin_password"
              }
            ]
          ],
          "private": "eyJlMmJmYjczMC1lY2FhLTExZTYtOGY4OC0zNDM2M2JjN2M0YzAiOnsiY3JlYXRlIjoyNzAwMDAwMDAwMDAwLCJkZWxldGUiOjI3MDAwMDAwMDAwMDAsInJlYWQiOjMwMDAwMDAwMDAwMCwidXBkYXRlIjoyNzAwMDAwMDAwMDAwfX0=",
          "dependencies": [
            "azurerm_network_interface.web_vm_nic",
            "azurerm_public_ip.web_vm_publicip",
            "azurerm_resource_group.rg",
            "azurerm_subnet.websubnet",
            "azurerm_virtual_network.vnet",
            "random_string.myrandom"
          ]
        }
      ]
    },
    {
      "mode": "managed",
      "type": "azurerm_network_interface",
      "name": "web_vm_nic",
      "provider": "provider[\"registry.terraform.io/hashicorp/azurerm\"]",
      "instances": [
        {
          "schema_version": 0,
          "attributes": {
            "accelerated_networking_enabled": false,
            "applied_dns_servers": [],
            "auxiliary_mode": "",
            "auxiliary_sku": "",
            "dns_servers": null,
            "edge_zone": "",
            "id": "/subscriptions/1a93c609-1e7c-4f6f-9399-c54924c1d80e/resourceGroups/dev-terraform-vm-23s/providers/Microsoft.Network/networkInterfaces/dev-web-vm-nic-23s",
            "internal_dns_name_label": "",
            "internal_domain_name_suffix": "x4mbvi01zomutia1vqzljbh5oc.ux.internal.cloudapp.net",
            "ip_configuration": [
              {
                "gateway_load_balancer_frontend_ip_configuration_id": "",
                "name": "web-vm-ip-1",
                "primary": true,
                "private_ip_address": "10.1.1.4",
                "private_ip_address_allocation": "Dynamic",
                "private_ip_address_version": "IPv4",
                "public_ip_address_id": "/subscriptions/1a93c609-1e7c-4f6f-9399-c54924c1d80e/resourceGroups/dev-terraform-vm-23s/providers/Microsoft.Network/publicIPAddresses/dev-web-vm-publicip-23s",
                "subnet_id": "/subscriptions/1a93c609-1e7c-4f6f-9399-c54924c1d80e/resourceGroups/dev-terraform-vm-23s/providers/Microsoft.Network/virtualNetworks/dev-vnet-23s/subnets/dev-vnet-23s-default"
              }
            ],
            "ip_forwarding_enabled": false,
            "location": "canadacentral",
            "mac_address": "",
            "name": "dev-web-vm-nic-23s",
            "private_ip_address": "10.1.1.4",
            "private_ip_addresses": [
              "10.1.1.4"
            ],
            "resource_group_name": "dev-terraform-vm-23s",
            "tags": null,
            "timeouts": null,
            "virtual_machine_id": ""
          },
          "sensitive_attributes": [],
          "private": "eyJlMmJmYjczMC1lY2FhLTExZTYtOGY4OC0zNDM2M2JjN2M0YzAiOnsiY3JlYXRlIjoxODAwMDAwMDAwMDAwLCJkZWxldGUiOjE4MDAwMDAwMDAwMDAsInJlYWQiOjMwMDAwMDAwMDAwMCwidXBkYXRlIjoxODAwMDAwMDAwMDAwfX0=",
          "dependencies": [
            "azurerm_public_ip.web_vm_publicip",
            "azurerm_resource_group.rg",
            "azurerm_subnet.websubnet",
            "azurerm_virtual_network.vnet",
            "random_string.myrandom"
          ]
        }
      ]
    },
    {
      "mode": "managed",
      "type": "azurerm_network_security_group",
      "name": "web_subnet_nsg",
      "provider": "provider[\"registry.terraform.io/hashicorp/azurerm\"]",
      "instances": [
        {
          "schema_version": 0,
          "attributes": {
            "id": "/subscriptions/1a93c609-1e7c-4f6f-9399-c54924c1d80e/resourceGroups/dev-terraform-vm-23s/providers/Microsoft.Network/networkSecurityGroups/dev-vnet-23s-default-nsg",
            "location": "canadacentral",
            "name": "dev-vnet-23s-default-nsg",
            "resource_group_name": "dev-terraform-vm-23s",
            "security_rule": [],
            "tags": null,
            "timeouts": null
          },
          "sensitive_attributes": [],
          "private": "eyJlMmJmYjczMC1lY2FhLTExZTYtOGY4OC0zNDM2M2JjN2M0YzAiOnsiY3JlYXRlIjoxODAwMDAwMDAwMDAwLCJkZWxldGUiOjE4MDAwMDAwMDAwMDAsInJlYWQiOjMwMDAwMDAwMDAwMCwidXBkYXRlIjoxODAwMDAwMDAwMDAwfX0=",
          "dependencies": [
            "azurerm_resource_group.rg",
            "azurerm_subnet.websubnet",
            "azurerm_virtual_network.vnet",
            "random_string.myrandom"
          ]
        }
      ]
    },
    {
      "mode": "managed",
      "type": "azurerm_network_security_rule",
      "name": "web_nsg_rule_inbound",
      "provider": "provider[\"registry.terraform.io/hashicorp/azurerm\"]",
      "instances": [
        {
          "index_key": "100",
          "schema_version": 0,
          "attributes": {
            "access": "Allow",
            "description": "",
            "destination_address_prefix": "*",
            "destination_address_prefixes": null,
            "destination_application_security_group_ids": null,
            "destination_port_range": "80",
            "destination_port_ranges": null,
            "direction": "Inbound",
            "id": "/subscriptions/1a93c609-1e7c-4f6f-9399-c54924c1d80e/resourceGroups/dev-terraform-vm-23s/providers/Microsoft.Network/networkSecurityGroups/dev-vnet-23s-default-nsg/securityRules/Rule-Port-80",
            "name": "Rule-Port-80",
            "network_security_group_name": "dev-vnet-23s-default-nsg",
            "priority": 100,
            "protocol": "Tcp",
            "resource_group_name": "dev-terraform-vm-23s",
            "source_address_prefix": "*",
            "source_address_prefixes": null,
            "source_application_security_group_ids": null,
            "source_port_range": "*",
            "source_port_ranges": null,
            "timeouts": null
          },
          "sensitive_attributes": [],
          "private": "eyJlMmJmYjczMC1lY2FhLTExZTYtOGY4OC0zNDM2M2JjN2M0YzAiOnsiY3JlYXRlIjoxODAwMDAwMDAwMDAwLCJkZWxldGUiOjE4MDAwMDAwMDAwMDAsInJlYWQiOjMwMDAwMDAwMDAwMCwidXBkYXRlIjoxODAwMDAwMDAwMDAwfX0=",
          "dependencies": [
            "azurerm_network_security_group.web_subnet_nsg",
            "azurerm_resource_group.rg",
            "azurerm_subnet.websubnet",
            "azurerm_virtual_network.vnet",
            "random_string.myrandom"
          ]
        },
        {
          "index_key": "110",
          "schema_version": 0,
          "attributes": {
            "access": "Allow",
            "description": "",
            "destination_address_prefix": "*",
            "destination_address_prefixes": null,
            "destination_application_security_group_ids": null,
            "destination_port_range": "443",
            "destination_port_ranges": null,
            "direction": "Inbound",
            "id": "/subscriptions/1a93c609-1e7c-4f6f-9399-c54924c1d80e/resourceGroups/dev-terraform-vm-23s/providers/Microsoft.Network/networkSecurityGroups/dev-vnet-23s-default-nsg/securityRules/Rule-Port-443",
            "name": "Rule-Port-443",
            "network_security_group_name": "dev-vnet-23s-default-nsg",
            "priority": 110,
            "protocol": "Tcp",
            "resource_group_name": "dev-terraform-vm-23s",
            "source_address_prefix": "*",
            "source_address_prefixes": null,
            "source_application_security_group_ids": null,
            "source_port_range": "*",
            "source_port_ranges": null,
            "timeouts": null
          },
          "sensitive_attributes": [],
          "private": "eyJlMmJmYjczMC1lY2FhLTExZTYtOGY4OC0zNDM2M2JjN2M0YzAiOnsiY3JlYXRlIjoxODAwMDAwMDAwMDAwLCJkZWxldGUiOjE4MDAwMDAwMDAwMDAsInJlYWQiOjMwMDAwMDAwMDAwMCwidXBkYXRlIjoxODAwMDAwMDAwMDAwfX0=",
          "dependencies": [
            "azurerm_network_security_group.web_subnet_nsg",
            "azurerm_resource_group.rg",
            "azurerm_subnet.websubnet",
            "azurerm_virtual_network.vnet",
            "random_string.myrandom"
          ]
        },
        {
          "index_key": "120",
          "schema_version": 0,
          "attributes": {
            "access": "Allow",
            "description": "",
            "destination_address_prefix": "*",
            "destination_address_prefixes": null,
            "destination_application_security_group_ids": null,
            "destination_port_range": "22",
            "destination_port_ranges": null,
            "direction": "Inbound",
            "id": "/subscriptions/1a93c609-1e7c-4f6f-9399-c54924c1d80e/resourceGroups/dev-terraform-vm-23s/providers/Microsoft.Network/networkSecurityGroups/dev-vnet-23s-default-nsg/securityRules/Rule-Port-22",
            "name": "Rule-Port-22",
            "network_security_group_name": "dev-vnet-23s-default-nsg",
            "priority": 120,
            "protocol": "Tcp",
            "resource_group_name": "dev-terraform-vm-23s",
            "source_address_prefix": "*",
            "source_address_prefixes": null,
            "source_application_security_group_ids": null,
            "source_port_range": "*",
            "source_port_ranges": null,
            "timeouts": null
          },
          "sensitive_attributes": [],
          "private": "eyJlMmJmYjczMC1lY2FhLTExZTYtOGY4OC0zNDM2M2JjN2M0YzAiOnsiY3JlYXRlIjoxODAwMDAwMDAwMDAwLCJkZWxldGUiOjE4MDAwMDAwMDAwMDAsInJlYWQiOjMwMDAwMDAwMDAwMCwidXBkYXRlIjoxODAwMDAwMDAwMDAwfX0=",
          "dependencies": [
            "azurerm_network_security_group.web_subnet_nsg",
            "azurerm_resource_group.rg",
            "azurerm_subnet.websubnet",
            "azurerm_virtual_network.vnet",
            "random_string.myrandom"
          ]
        },
        {
          "index_key": "130",
          "schema_version": 0,
          "attributes": {
            "access": "Allow",
            "description": "",
            "destination_address_prefix": "*",
            "destination_address_prefixes": null,
            "destination_application_security_group_ids": null,
            "destination_port_range": "8501",
            "destination_port_ranges": null,
            "direction": "Inbound",
            "id": "/subscriptions/1a93c609-1e7c-4f6f-9399-c54924c1d80e/resourceGroups/dev-terraform-vm-23s/providers/Microsoft.Network/networkSecurityGroups/dev-vnet-23s-default-nsg/securityRules/Rule-Port-8501",
            "name": "Rule-Port-8501",
            "network_security_group_name": "dev-vnet-23s-default-nsg",
            "priority": 130,
            "protocol": "Tcp",
            "resource_group_name": "dev-terraform-vm-23s",
            "source_address_prefix": "*",
            "source_address_prefixes": null,
            "source_application_security_group_ids": null,
            "source_port_range": "*",
            "source_port_ranges": null,
            "timeouts": null
          },
          "sensitive_attributes": [],
          "private": "eyJlMmJmYjczMC1lY2FhLTExZTYtOGY4OC0zNDM2M2JjN2M0YzAiOnsiY3JlYXRlIjoxODAwMDAwMDAwMDAwLCJkZWxldGUiOjE4MDAwMDAwMDAwMDAsInJlYWQiOjMwMDAwMDAwMDAwMCwidXBkYXRlIjoxODAwMDAwMDAwMDAwfX0=",
          "dependencies": [
            "azurerm_network_security_group.web_subnet_nsg",
            "azurerm_resource_group.rg",
            "azurerm_subnet.websubnet",
            "azurerm_virtual_network.vnet",
            "random_string.myrandom"
          ]
        }
      ]
    },
    {
      "mode": "managed",
      "type": "azurerm_public_ip",
      "name": "web_vm_publicip",
      "provider": "provider[\"registry.terraform.io/hashicorp/azurerm\"]",
      "instances": [
        {
          "schema_version": 0,
          "attributes": {
            "allocation_method": "Static",
            "ddos_protection_mode": "VirtualNetworkInherited",
            "ddos_protection_plan_id": null,
            "domain_name_label": "app1-vm-23s",
            "domain_name_label_scope": "",
            "edge_zone": "",
            "fqdn": "app1-vm-23s.canadacentral.cloudapp.azure.com",
            "id": "/subscriptions/1a93c609-1e7c-4f6f-9399-c54924c1d80e/resourceGroups/dev-terraform-vm-23s/providers/Microsoft.Network/publicIPAddresses/dev-web-vm-publicip-23s",
            "idle_timeout_in_minutes": 4,
            "ip_address": "4.206.105.30",
            "ip_tags": null,
            "ip_version": "IPv4",
            "location": "canadacentral",
            "name": "dev-web-vm-publicip-23s",
            "public_ip_prefix_id": null,
            "resource_group_name": "dev-terraform-vm-23s",
            "reverse_fqdn": "",
            "sku": "Standard",
            "sku_tier": "Regional",
            "tags": null,
            "timeouts": null,
            "zones": null
          },
          "sensitive_attributes": [],
          "private": "eyJlMmJmYjczMC1lY2FhLTExZTYtOGY4OC0zNDM2M2JjN2M0YzAiOnsiY3JlYXRlIjoxODAwMDAwMDAwMDAwLCJkZWxldGUiOjE4MDAwMDAwMDAwMDAsInJlYWQiOjMwMDAwMDAwMDAwMCwidXBkYXRlIjoxODAwMDAwMDAwMDAwfX0=",
          "dependencies": [
            "azurerm_resource_group.rg",
            "random_string.myrandom"
          ]
        }
      ]
    },
    {
      "mode": "managed",
      "type": "azurerm_resource_group",
      "name": "rg",
      "provider": "provider[\"registry.terraform.io/hashicorp/azurerm\"]",
      "instances": [
        {
          "schema_version": 0,
          "attributes": {
            "id": "/subscriptions/1a93c609-1e7c-4f6f-9399-c54924c1d80e/resourceGroups/dev-terraform-vm-23s",
            "location": "canadacentral",
            "managed_by": "",
            "name": "dev-terraform-vm-23s",
            "tags": {
              "environment": "dev"
            },
            "timeouts": null
          },
          "sensitive_attributes": [],
          "private": "eyJlMmJmYjczMC1lY2FhLTExZTYtOGY4OC0zNDM2M2JjN2M0YzAiOnsiY3JlYXRlIjo1NDAwMDAwMDAwMDAwLCJkZWxldGUiOjU0MDAwMDAwMDAwMDAsInJlYWQiOjMwMDAwMDAwMDAwMCwidXBkYXRlIjo1NDAwMDAwMDAwMDAwfX0=",
          "dependencies": [
            "random_string.myrandom"
          ]
        }
      ]
    },
    {
      "mode": "managed",
      "type": "azurerm_subnet",
      "name": "websubnet",
      "provider": "provider[\"registry.terraform.io/hashicorp/azurerm\"]",
      "instances": [
        {
          "schema_version": 0,
          "attributes": {
            "address_prefixes": [
              "10.1.1.0/24"
            ],
            "default_outbound_access_enabled": true,
            "delegation": [],
            "id": "/subscriptions/1a93c609-1e7c-4f6f-9399-c54924c1d80e/resourceGroups/dev-terraform-vm-23s/providers/Microsoft.Network/virtualNetworks/dev-vnet-23s/subnets/dev-vnet-23s-default",
            "name": "dev-vnet-23s-default",
            "private_endpoint_network_policies": "Disabled",
            "private_link_service_network_policies_enabled": true,
            "resource_group_name": "dev-terraform-vm-23s",
            "service_endpoint_policy_ids": null,
            "service_endpoints": null,
            "timeouts": null,
            "virtual_network_name": "dev-vnet-23s"
          },
          "sensitive_attributes": [],
          "private": "eyJlMmJmYjczMC1lY2FhLTExZTYtOGY4OC0zNDM2M2JjN2M0YzAiOnsiY3JlYXRlIjoxODAwMDAwMDAwMDAwLCJkZWxldGUiOjE4MDAwMDAwMDAwMDAsInJlYWQiOjMwMDAwMDAwMDAwMCwidXBkYXRlIjoxODAwMDAwMDAwMDAwfX0=",
          "dependencies": [
            "azurerm_resource_group.rg",
            "azurerm_virtual_network.vnet",
            "random_string.myrandom"
          ]
        }
      ]
    },
    {
      "mode": "managed",
      "type": "azurerm_subnet_network_security_group_association",
      "name": "web_subnet_nsg_associate",
      "provider": "provider[\"registry.terraform.io/hashicorp/azurerm\"]",
      "instances": [
        {
          "schema_version": 0,
          "attributes": {
            "id": "/subscriptions/1a93c609-1e7c-4f6f-9399-c54924c1d80e/resourceGroups/dev-terraform-vm-23s/providers/Microsoft.Network/virtualNetworks/dev-vnet-23s/subnets/dev-vnet-23s-default",
            "network_security_group_id": "/subscriptions/1a93c609-1e7c-4f6f-9399-c54924c1d80e/resourceGroups/dev-terraform-vm-23s/providers/Microsoft.Network/networkSecurityGroups/dev-vnet-23s-default-nsg",
            "subnet_id": "/subscriptions/1a93c609-1e7c-4f6f-9399-c54924c1d80e/resourceGroups/dev-terraform-vm-23s/providers/Microsoft.Network/virtualNetworks/dev-vnet-23s/subnets/dev-vnet-23s-default",
            "timeouts": null
          },
          "sensitive_attributes": [],
          "private": "eyJlMmJmYjczMC1lY2FhLTExZTYtOGY4OC0zNDM2M2JjN2M0YzAiOnsiY3JlYXRlIjoxODAwMDAwMDAwMDAwLCJkZWxldGUiOjE4MDAwMDAwMDAwMDAsInJlYWQiOjMwMDAwMDAwMDAwMH19",
          "dependencies": [
            "azurerm_network_security_group.web_subnet_nsg",
            "azurerm_network_security_rule.web_nsg_rule_inbound",
            "azurerm_resource_group.rg",
            "azurerm_subnet.websubnet",
            "azurerm_virtual_network.vnet",
            "random_string.myrandom"
          ]
        }
      ]
    },
    {
      "mode": "managed",
      "type": "azurerm_virtual_network",
      "name": "vnet",
      "provider": "provider[\"registry.terraform.io/hashicorp/azurerm\"]",
      "instances": [
        {
          "schema_version": 0,
          "attributes": {
            "address_space": [
              "10.1.0.0/16"
            ],
            "bgp_community": "",
            "ddos_protection_plan": [],
            "dns_servers": [],
            "edge_zone": "",
            "encryption": [],
            "flow_timeout_in_minutes": 0,
            "guid": "a31a98bf-cb5b-4999-a01b-ac32b484ff72",
            "id": "/subscriptions/1a93c609-1e7c-4f6f-9399-c54924c1d80e/resourceGroups/dev-terraform-vm-23s/providers/Microsoft.Network/virtualNetworks/dev-vnet-23s",
            "location": "canadacentral",
            "name": "dev-vnet-23s",
            "private_endpoint_vnet_policies": "Disabled",
            "resource_group_name": "dev-terraform-vm-23s",
            "subnet": [],
            "tags": {
              "environment": "dev"
            },
            "timeouts": null
          },
          "sensitive_attributes": [],
          "private": "eyJlMmJmYjczMC1lY2FhLTExZTYtOGY4OC0zNDM2M2JjN2M0YzAiOnsiY3JlYXRlIjoxODAwMDAwMDAwMDAwLCJkZWxldGUiOjE4MDAwMDAwMDAwMDAsInJlYWQiOjMwMDAwMDAwMDAwMCwidXBkYXRlIjoxODAwMDAwMDAwMDAwfX0=",
          "dependencies": [
            "azurerm_resource_group.rg",
            "random_string.myrandom"
          ]
        }
      ]
    },
    {
      "mode": "managed",
      "type": "random_string",
      "name": "myrandom",
      "provider": "provider[\"registry.terraform.io/hashicorp/random\"]",
      "instances": [
        {
          "schema_version": 2,
          "attributes": {
            "id": "23s",
            "keepers": null,
            "length": 3,
            "lower": true,
            "min_lower": 0,
            "min_numeric": 0,
            "min_special": 0,
            "min_upper": 0,
            "number": true,
            "numeric": true,
            "override_special": null,
            "result": "23s",
            "special": false,
            "upper": false
          },
          "sensitive_attributes": []
        }
      ]
    }
  ],
  "check_results": null
}
